
Microsoft Visual Studio Solution File, Format Version 12.00
# Visual Studio Version 16
VisualStudioVersion = 16.0.33423.256
MinimumVisualStudioVersion = 10.0.40219.1
Project("{9A19103F-16F7-4668-BE54-9A1E7A4F7556}") = "task3", "task3\task3.csproj", "{1DAFF35F-F63D-4E78-8FCD-93F5B31CDA80}"
EndProject
Project("{FAE04EC0-301F-11D3-BF4B-00C04F79EFBC}") = "MaxSumInLine_Tests", "MaxSumInLine_Tests\MaxSumInLine_Tests.csproj", "{11E4F632-9FFF-4774-8DAF-E3759B57C798}"
EndProject
Global
	GlobalSection(SolutionConfigurationPlatforms) = preSolution
		Debug|Any CPU = Debug|Any CPU
		Release|Any CPU = Release|Any CPU
	EndGlobalSection
	GlobalSection(ProjectConfigurationPlatforms) = postSolution
		{1DAFF35F-F63D-4E78-8FCD-93F5B31CDA80}.Debug|Any CPU.ActiveCfg = Debug|Any CPU
		{1DAFF35F-F63D-4E78-8FCD-93F5B31CDA80}.Debug|Any CPU.Build.0 = Debug|Any CPU
		{1DAFF35F-F63D-4E78-8FCD-93F5B31CDA80}.Release|Any CPU.ActiveCfg = Release|Any CPU
		{1DAFF35F-F63D-4E78-8FCD-93F5B31CDA80}.Release|Any CPU.Build.0 = Release|Any CPU
		{11E4F632-9FFF-4774-8DAF-E3759B57C798}.Debug|Any CPU.ActiveCfg = Debug|Any CPU
		{11E4F632-9FFF-4774-8DAF-E3759B57C798}.Debug|Any CPU.Build.0 = Debug|Any CPU
		{11E4F632-9FFF-4774-8DAF-E3759B57C798}.Release|Any CPU.ActiveCfg = Release|Any CPU
		{11E4F632-9FFF-4774-8DAF-E3759B57C798}.Release|Any CPU.Build.0 = Release|Any CPU
	EndGlobalSection
	GlobalSection(SolutionProperties) = preSolution
		HideSolutionNode = FALSE
	EndGlobalSection
	GlobalSection(ExtensibilityGlobals) = postSolution
		SolutionGuid = {8BA5CEF7-FEE7-44DF-A254-B756E5B2718C}
	EndGlobalSection
EndGlobal
