
Microsoft Visual Studio Solution File, Format Version 12.00
# Visual Studio Version 17
VisualStudioVersion = 17.6.33723.286
MinimumVisualStudioVersion = 10.0.40219.1
Project("{9A19103F-16F7-4668-BE54-9A1E7A4F7556}") = "Task12_ExpenseTracker", "Task12_ExpenseTracker\Task12_ExpenseTracker.csproj", "{D07D0E43-DF5F-48FD-8C1A-A62D3FF62F3C}"
EndProject
Project("{9A19103F-16F7-4668-BE54-9A1E7A4F7556}") = "Domain", "Domain\Domain.csproj", "{7CE6F2DE-9ED9-4F0D-B597-B13DB648FC02}"
EndProject
Project("{9A19103F-16F7-4668-BE54-9A1E7A4F7556}") = "DataAccess", "DataAccess\DataAccess.csproj", "{A0A34C1B-DE59-48F6-96D8-FCE9151A93FC}"
EndProject
Project("{9A19103F-16F7-4668-BE54-9A1E7A4F7556}") = "Logic", "Logic\Logic.csproj", "{FDB05842-8D27-44F9-A928-F94B6D695321}"
	ProjectSection(ProjectDependencies) = postProject
		{A0A34C1B-DE59-48F6-96D8-FCE9151A93FC} = {A0A34C1B-DE59-48F6-96D8-FCE9151A93FC}
	EndProjectSection
EndProject
Project("{9A19103F-16F7-4668-BE54-9A1E7A4F7556}") = "ExpenseTracker.Tests", "ExpenseTracker.Tests\ExpenseTracker.Tests.csproj", "{DCEEF1D8-153A-43D1-A870-86EADC39AA47}"
EndProject
Global
	GlobalSection(SolutionConfigurationPlatforms) = preSolution
		Debug|Any CPU = Debug|Any CPU
		Release|Any CPU = Release|Any CPU
	EndGlobalSection
	GlobalSection(ProjectConfigurationPlatforms) = postSolution
		{D07D0E43-DF5F-48FD-8C1A-A62D3FF62F3C}.Debug|Any CPU.ActiveCfg = Debug|Any CPU
		{D07D0E43-DF5F-48FD-8C1A-A62D3FF62F3C}.Debug|Any CPU.Build.0 = Debug|Any CPU
		{D07D0E43-DF5F-48FD-8C1A-A62D3FF62F3C}.Release|Any CPU.ActiveCfg = Release|Any CPU
		{D07D0E43-DF5F-48FD-8C1A-A62D3FF62F3C}.Release|Any CPU.Build.0 = Release|Any CPU
		{7CE6F2DE-9ED9-4F0D-B597-B13DB648FC02}.Debug|Any CPU.ActiveCfg = Debug|Any CPU
		{7CE6F2DE-9ED9-4F0D-B597-B13DB648FC02}.Debug|Any CPU.Build.0 = Debug|Any CPU
		{7CE6F2DE-9ED9-4F0D-B597-B13DB648FC02}.Release|Any CPU.ActiveCfg = Release|Any CPU
		{7CE6F2DE-9ED9-4F0D-B597-B13DB648FC02}.Release|Any CPU.Build.0 = Release|Any CPU
		{A0A34C1B-DE59-48F6-96D8-FCE9151A93FC}.Debug|Any CPU.ActiveCfg = Debug|Any CPU
		{A0A34C1B-DE59-48F6-96D8-FCE9151A93FC}.Debug|Any CPU.Build.0 = Debug|Any CPU
		{A0A34C1B-DE59-48F6-96D8-FCE9151A93FC}.Release|Any CPU.ActiveCfg = Release|Any CPU
		{A0A34C1B-DE59-48F6-96D8-FCE9151A93FC}.Release|Any CPU.Build.0 = Release|Any CPU
		{FDB05842-8D27-44F9-A928-F94B6D695321}.Debug|Any CPU.ActiveCfg = Debug|Any CPU
		{FDB05842-8D27-44F9-A928-F94B6D695321}.Debug|Any CPU.Build.0 = Debug|Any CPU
		{FDB05842-8D27-44F9-A928-F94B6D695321}.Release|Any CPU.ActiveCfg = Release|Any CPU
		{FDB05842-8D27-44F9-A928-F94B6D695321}.Release|Any CPU.Build.0 = Release|Any CPU
		{DCEEF1D8-153A-43D1-A870-86EADC39AA47}.Debug|Any CPU.ActiveCfg = Debug|Any CPU
		{DCEEF1D8-153A-43D1-A870-86EADC39AA47}.Debug|Any CPU.Build.0 = Debug|Any CPU
		{DCEEF1D8-153A-43D1-A870-86EADC39AA47}.Release|Any CPU.ActiveCfg = Release|Any CPU
		{DCEEF1D8-153A-43D1-A870-86EADC39AA47}.Release|Any CPU.Build.0 = Release|Any CPU
	EndGlobalSection
	GlobalSection(SolutionProperties) = preSolution
		HideSolutionNode = FALSE
	EndGlobalSection
	GlobalSection(ExtensibilityGlobals) = postSolution
		SolutionGuid = {47471642-4530-486B-B293-C04BE92E8E48}
	EndGlobalSection
EndGlobal
