
Microsoft Visual Studio Solution File, Format Version 12.00
# Visual Studio Version 17
VisualStudioVersion = 17.6.33723.286
MinimumVisualStudioVersion = 10.0.40219.1
Project("{9A19103F-16F7-4668-BE54-9A1E7A4F7556}") = "Task10", "Task10\Task10.csproj", "{95DE36C4-4B5D-4293-87B7-45BD889F81FA}"
EndProject
Project("{FAE04EC0-301F-11D3-BF4B-00C04F79EFBC}") = "A_Domain", "A_Domain\A_Domain.csproj", "{9F7690FB-818F-4003-B207-AE79539A893C}"
EndProject
Project("{FAE04EC0-301F-11D3-BF4B-00C04F79EFBC}") = "B_DataAccess", "B_DataAccess\B_DataAccess.csproj", "{2A5F20BB-BB48-46ED-B828-4E45CFB07634}"
EndProject
Global
	GlobalSection(SolutionConfigurationPlatforms) = preSolution
		Debug|Any CPU = Debug|Any CPU
		Release|Any CPU = Release|Any CPU
	EndGlobalSection
	GlobalSection(ProjectConfigurationPlatforms) = postSolution
		{95DE36C4-4B5D-4293-87B7-45BD889F81FA}.Debug|Any CPU.ActiveCfg = Debug|Any CPU
		{95DE36C4-4B5D-4293-87B7-45BD889F81FA}.Debug|Any CPU.Build.0 = Debug|Any CPU
		{95DE36C4-4B5D-4293-87B7-45BD889F81FA}.Release|Any CPU.ActiveCfg = Release|Any CPU
		{95DE36C4-4B5D-4293-87B7-45BD889F81FA}.Release|Any CPU.Build.0 = Release|Any CPU
		{9F7690FB-818F-4003-B207-AE79539A893C}.Debug|Any CPU.ActiveCfg = Debug|Any CPU
		{9F7690FB-818F-4003-B207-AE79539A893C}.Debug|Any CPU.Build.0 = Debug|Any CPU
		{9F7690FB-818F-4003-B207-AE79539A893C}.Release|Any CPU.ActiveCfg = Release|Any CPU
		{9F7690FB-818F-4003-B207-AE79539A893C}.Release|Any CPU.Build.0 = Release|Any CPU
		{2A5F20BB-BB48-46ED-B828-4E45CFB07634}.Debug|Any CPU.ActiveCfg = Debug|Any CPU
		{2A5F20BB-BB48-46ED-B828-4E45CFB07634}.Debug|Any CPU.Build.0 = Debug|Any CPU
		{2A5F20BB-BB48-46ED-B828-4E45CFB07634}.Release|Any CPU.ActiveCfg = Release|Any CPU
		{2A5F20BB-BB48-46ED-B828-4E45CFB07634}.Release|Any CPU.Build.0 = Release|Any CPU
	EndGlobalSection
	GlobalSection(SolutionProperties) = preSolution
		HideSolutionNode = FALSE
	EndGlobalSection
	GlobalSection(ExtensibilityGlobals) = postSolution
		SolutionGuid = {76E34CCE-57C5-4545-A55B-1CD94E27E19E}
	EndGlobalSection
EndGlobal
